
Microsoft Visual Studio Solution File, Format Version 12.00
# Visual Studio Version 17
VisualStudioVersion = 17.9.34728.123
MinimumVisualStudioVersion = 10.0.40219.1
Project("{FAE04EC0-301F-11D3-BF4B-00C04F79EFBC}") = "WindowsServiceFTP", "WindowsServiceFTP.csproj", "{AC5864E4-05A0-4E09-AFA4-4F813F337290}"
EndProject
Global
	GlobalSection(SolutionConfigurationPlatforms) = preSolution
		Debug|Any CPU = Debug|Any CPU
		Release|Any CPU = Release|Any CPU
	EndGlobalSection
	GlobalSection(ProjectConfigurationPlatforms) = postSolution
		{AC5864E4-05A0-4E09-AFA4-4F813F337290}.Debug|Any CPU.ActiveCfg = Debug|Any CPU
		{AC5864E4-05A0-4E09-AFA4-4F813F337290}.Debug|Any CPU.Build.0 = Debug|Any CPU
		{AC5864E4-05A0-4E09-AFA4-4F813F337290}.Release|Any CPU.ActiveCfg = Release|Any CPU
		{AC5864E4-05A0-4E09-AFA4-4F813F337290}.Release|Any CPU.Build.0 = Release|Any CPU
	EndGlobalSection
	GlobalSection(SolutionProperties) = preSolution
		HideSolutionNode = FALSE
	EndGlobalSection
	GlobalSection(ExtensibilityGlobals) = postSolution
		SolutionGuid = {6BFEC5DB-C816-4D9C-A367-134286FC787F}
	EndGlobalSection
EndGlobal
